# THIS IS AN AUTOGENERATED FILE. DO NOT EDIT THIS FILE DIRECTLY.
# yarn lockfile v1


"@popmotion/easing@^1.0.1", "@popmotion/easing@^1.0.2":
  version "1.0.2"
  resolved "https://registry.yarnpkg.com/@popmotion/easing/-/easing-1.0.2.tgz#17d925c45b4bf44189e5a38038d149df42d8c0b4"

"@popmotion/popcorn@^0.4.2":
  version "0.4.2"
  resolved "https://registry.yarnpkg.com/@popmotion/popcorn/-/popcorn-0.4.2.tgz#ff9f5334e8e808ed02237b7b9c928619d1eb68ff"
  dependencies:
    "@popmotion/easing" "^1.0.1"
    framesync "^4.0.1"
    hey-listen "^1.0.8"
    style-value-types "^3.1.6"

"@types/prop-types@*":
  version "15.7.1"
  resolved "https://registry.yarnpkg.com/@types/prop-types/-/prop-types-15.7.1.tgz#f1a11e7babb0c3cad68100be381d1e064c68f1f6"

"@types/react@^16.9.2":
  version "16.9.2"
  resolved "https://registry.yarnpkg.com/@types/react/-/react-16.9.2.tgz#6d1765431a1ad1877979013906731aae373de268"
  dependencies:
    "@types/prop-types" "*"
    csstype "^2.2.0"

csstype@^2.2.0:
  version "2.6.6"
  resolved "https://registry.yarnpkg.com/csstype/-/csstype-2.6.6.tgz#c34f8226a94bbb10c32cc0d714afdf942291fc41"

framer-motion@^1.6.2:
  version "1.6.2"
  resolved "https://registry.yarnpkg.com/framer-motion/-/framer-motion-1.6.2.tgz#54b9d79c0bfe00cf93e812cbf86eb284c25134ea"
  dependencies:
    "@popmotion/easing" "^1.0.2"
    "@popmotion/popcorn" "^0.4.2"
    framesync "^4.0.4"
    hey-listen "^1.0.8"
    popmotion "9.0.0-beta-8"
    style-value-types "^3.1.6"
    stylefire "^6.0.9"
    tslib "^1.10.0"

framesync@^4.0.0, framesync@^4.0.1, framesync@^4.0.4:
  version "4.0.4"
  resolved "https://registry.yarnpkg.com/framesync/-/framesync-4.0.4.tgz#79c42c0118f26821c078570db0ff81fb863516a2"
  dependencies:
    hey-listen "^1.0.8"
    tslib "^1.10.0"

hey-listen@^1.0.8:
  version "1.0.8"
  resolved "https://registry.yarnpkg.com/hey-listen/-/hey-listen-1.0.8.tgz#8e59561ff724908de1aa924ed6ecc84a56a9aa68"

popmotion@9.0.0-beta-8:
  version "9.0.0-beta-8"
  resolved "https://registry.yarnpkg.com/popmotion/-/popmotion-9.0.0-beta-8.tgz#f5a709f11737734e84f2a6b73f9bcf25ee30c388"
  dependencies:
    "@popmotion/easing" "^1.0.1"
    "@popmotion/popcorn" "^0.4.2"
    framesync "^4.0.4"
    hey-listen "^1.0.8"
    style-value-types "^3.1.6"
    tslib "^1.10.0"

style-value-types@^3.1.6:
  version "3.1.6"
  resolved "https://registry.yarnpkg.com/style-value-types/-/style-value-types-3.1.6.tgz#6b1da918214d92c74dc7fc2d074013f372b47d76"
  dependencies:
    hey-listen "^1.0.8"

stylefire@^6.0.9:
  version "6.0.9"
  resolved "https://registry.yarnpkg.com/stylefire/-/stylefire-6.0.9.tgz#4c9ab1d2a68e99a2e5a83e11333495824e494632"
  dependencies:
    "@popmotion/popcorn" "^0.4.2"
    framesync "^4.0.0"
    hey-listen "^1.0.8"
    style-value-types "^3.1.6"

tslib@^1.10.0:
  version "1.10.0"
  resolved "https://registry.yarnpkg.com/tslib/-/tslib-1.10.0.tgz#c3c19f95973fb0a62973fb09d90d961ee43e5c8a"

typescript@^3.5.3:
  version "3.5.3"
  resolved "https://registry.yarnpkg.com/typescript/-/typescript-3.5.3.tgz#c830f657f93f1ea846819e929092f5fe5983e977"
